
Microsoft Visual Studio Solution File, Format Version 12.00
# Visual Studio Version 16
VisualStudioVersion = 16.0.30717.126
MinimumVisualStudioVersion = 10.0.40219.1
Project("{9A19103F-16F7-4668-BE54-9A1E7A4F7556}") = "PimWebApp", "PimWebApp\PimWebApp.csproj", "{F59B96C8-990E-4045-B0AF-4CE52EA20D90}"
EndProject
Global
	GlobalSection(SolutionConfigurationPlatforms) = preSolution
		Debug|Any CPU = Debug|Any CPU
		Release|Any CPU = Release|Any CPU
	EndGlobalSection
	GlobalSection(ProjectConfigurationPlatforms) = postSolution
		{F59B96C8-990E-4045-B0AF-4CE52EA20D90}.Debug|Any CPU.ActiveCfg = Debug|Any CPU
		{F59B96C8-990E-4045-B0AF-4CE52EA20D90}.Debug|Any CPU.Build.0 = Debug|Any CPU
		{F59B96C8-990E-4045-B0AF-4CE52EA20D90}.Release|Any CPU.ActiveCfg = Release|Any CPU
		{F59B96C8-990E-4045-B0AF-4CE52EA20D90}.Release|Any CPU.Build.0 = Release|Any CPU
	EndGlobalSection
	GlobalSection(SolutionProperties) = preSolution
		HideSolutionNode = FALSE
	EndGlobalSection
	GlobalSection(ExtensibilityGlobals) = postSolution
		SolutionGuid = {CA5A39C3-C72D-4351-AD8E-1CE70F05A38E}
	EndGlobalSection
EndGlobal
